{
  "originHash" : "49dc9ef750f58401f452fab789fe51f61a5f8f3860b52434163f9ffe66d95aa8",
  "pins" : [
    {
      "identity" : "cornerparser",
      "kind" : "remoteSourceControl",
      "location" : "https://github.com/mori-ahk/CornerParser",
      "state" : {
        "branch" : "main",
        "revision" : "19513aa23fe08b1a4db3b460a6698e528e666e39"
      }
    }
  ],
  "version" : 3
}
